
Microsoft Visual Studio Solution File, Format Version 12.00
# Visual Studio Version 16
VisualStudioVersion = 16.0.809.5
MinimumVisualStudioVersion = 10.0.40219.1
Project("{FAE04EC0-301F-11D3-BF4B-00C04F79EFBC}") = "Calculator", "Calculator.csproj", "{54C51C5C-7525-41AD-9F43-D1300FE35880}"
EndProject
Global
	GlobalSection(SolutionConfigurationPlatforms) = preSolution
		Debug|Any CPU = Debug|Any CPU
		Release|Any CPU = Release|Any CPU
	EndGlobalSection
	GlobalSection(ProjectConfigurationPlatforms) = postSolution
		{54C51C5C-7525-41AD-9F43-D1300FE35880}.Debug|Any CPU.ActiveCfg = Debug|Any CPU
		{54C51C5C-7525-41AD-9F43-D1300FE35880}.Debug|Any CPU.Build.0 = Debug|Any CPU
		{54C51C5C-7525-41AD-9F43-D1300FE35880}.Release|Any CPU.ActiveCfg = Release|Any CPU
		{54C51C5C-7525-41AD-9F43-D1300FE35880}.Release|Any CPU.Build.0 = Release|Any CPU
	EndGlobalSection
	GlobalSection(SolutionProperties) = preSolution
		HideSolutionNode = FALSE
	EndGlobalSection
	GlobalSection(ExtensibilityGlobals) = postSolution
		SolutionGuid = {DD708563-54BB-4F9A-A701-3E7046CFB254}
	EndGlobalSection
EndGlobal
