
Microsoft Visual Studio Solution File, Format Version 12.00
# Visual Studio Version 16
VisualStudioVersion = 16.0.809.6
MinimumVisualStudioVersion = 10.0.40219.1
Project("{FAE04EC0-301F-11D3-BF4B-00C04F79EFBC}") = "OOP", "OOP\OOP.csproj", "{F645F7A4-4761-4E5C-9FEA-668E0EE59684}"
EndProject
Global
	GlobalSection(SolutionConfigurationPlatforms) = preSolution
		Debug|Any CPU = Debug|Any CPU
		Release|Any CPU = Release|Any CPU
	EndGlobalSection
	GlobalSection(ProjectConfigurationPlatforms) = postSolution
		{F645F7A4-4761-4E5C-9FEA-668E0EE59684}.Debug|Any CPU.ActiveCfg = Debug|Any CPU
		{F645F7A4-4761-4E5C-9FEA-668E0EE59684}.Debug|Any CPU.Build.0 = Debug|Any CPU
		{F645F7A4-4761-4E5C-9FEA-668E0EE59684}.Release|Any CPU.ActiveCfg = Release|Any CPU
		{F645F7A4-4761-4E5C-9FEA-668E0EE59684}.Release|Any CPU.Build.0 = Release|Any CPU
	EndGlobalSection
	GlobalSection(SolutionProperties) = preSolution
		HideSolutionNode = FALSE
	EndGlobalSection
	GlobalSection(ExtensibilityGlobals) = postSolution
		SolutionGuid = {DB3F90E3-FF7E-4E79-A24F-C6E4B8D04486}
	EndGlobalSection
EndGlobal
