
Microsoft Visual Studio Solution File, Format Version 12.00
# Visual Studio Version 16
VisualStudioVersion = 16.0.31205.134
MinimumVisualStudioVersion = 10.0.40219.1
Project("{FAE04EC0-301F-11D3-BF4B-00C04F79EFBC}") = "LinQ", "LinQ\LinQ.csproj", "{E190FAA4-E955-4BD3-893D-E935D6E6CA64}"
EndProject
Global
	GlobalSection(SolutionConfigurationPlatforms) = preSolution
		Debug|Any CPU = Debug|Any CPU
		Release|Any CPU = Release|Any CPU
	EndGlobalSection
	GlobalSection(ProjectConfigurationPlatforms) = postSolution
		{E190FAA4-E955-4BD3-893D-E935D6E6CA64}.Debug|Any CPU.ActiveCfg = Debug|Any CPU
		{E190FAA4-E955-4BD3-893D-E935D6E6CA64}.Debug|Any CPU.Build.0 = Debug|Any CPU
		{E190FAA4-E955-4BD3-893D-E935D6E6CA64}.Release|Any CPU.ActiveCfg = Release|Any CPU
		{E190FAA4-E955-4BD3-893D-E935D6E6CA64}.Release|Any CPU.Build.0 = Release|Any CPU
	EndGlobalSection
	GlobalSection(SolutionProperties) = preSolution
		HideSolutionNode = FALSE
	EndGlobalSection
	GlobalSection(ExtensibilityGlobals) = postSolution
		SolutionGuid = {91112813-5EF7-435E-93B0-42EFF2B3EDAF}
	EndGlobalSection
EndGlobal
